// !$*UTF8*$!
{
	archiveVersion = 1;
	classes = {
	};
	objectVersion = 50;
	objects = {

/* Begin PBXBuildFile section */
		C12374D726CEB0CE00F15EA4 /* AppDelegate.swift in Sources */ = {isa = PBXBuildFile; fileRef = C12374D626CEB0CE00F15EA4 /* AppDelegate.swift */; };
		C12374D926CEB0CE00F15EA4 /* SceneDelegate.swift in Sources */ = {isa = PBXBuildFile; fileRef = C12374D826CEB0CE00F15EA4 /* SceneDelegate.swift */; };
		C12374DB26CEB0CE00F15EA4 /* ContentView.swift in Sources */ = {isa = PBXBuildFile; fileRef = C12374DA26CEB0CE00F15EA4 /* ContentView.swift */; };
		C12374DD26CEB0D000F15EA4 /* Assets.xcassets in Resources */ = {isa = PBXBuildFile; fileRef = C12374DC26CEB0D000F15EA4 /* Assets.xcassets */; };
		C12374E026CEB0D000F15EA4 /* Preview Assets.xcassets in Resources */ = {isa = PBXBuildFile; fileRef = C12374DF26CEB0D000F15EA4 /* Preview Assets.xcassets */; };
		C12374E326CEB0D000F15EA4 /* LaunchScreen.storyboard in Resources */ = {isa = PBXBuildFile; fileRef = C12374E126CEB0D000F15EA4 /* LaunchScreen.storyboard */; };
/* End PBXBuildFile section */

/* Begin PBXFileReference section */
		C12374D326CEB0CE00F15EA4 /* ChallengeOfPart2.app */ = {isa = PBXFileReference; explicitFileType = wrapper.application; includeInIndex = 0; path = ChallengeOfPart2.app; sourceTree = BUILT_PRODUCTS_DIR; };
		C12374D626CEB0CE00F15EA4 /* AppDelegate.swift */ = {isa = PBXFileReference; lastKnownFileType = sourcecode.swift; path = AppDelegate.swift; sourceTree = "<group>"; };
		C12374D826CEB0CE00F15EA4 /* SceneDelegate.swift */ = {isa = PBXFileReference; lastKnownFileType = sourcecode.swift; path = SceneDelegate.swift; sourceTree = "<group>"; };
		C12374DA26CEB0CE00F15EA4 /* ContentView.swift */ = {isa = PBXFileReference; lastKnownFileType = sourcecode.swift; path = ContentView.swift; sourceTree = "<group>"; };
		C12374DC26CEB0D000F15EA4 /* Assets.xcassets */ = {isa = PBXFileReference; lastKnownFileType = folder.assetcatalog; path = Assets.xcassets; sourceTree = "<group>"; };
		C12374DF26CEB0D000F15EA4 /* Preview Assets.xcassets */ = {isa = PBXFileReference; lastKnownFileType = folder.assetcatalog; path = "Preview Assets.xcassets"; sourceTree = "<group>"; };
		C12374E226CEB0D000F15EA4 /* Base */ = {isa = PBXFileReference; lastKnownFileType = file.storyboard; name = Base; path = Base.lproj/LaunchScreen.storyboard; sourceTree = "<group>"; };
		C12374E426CEB0D000F15EA4 /* Info.plist */ = {isa = PBXFileReference; lastKnownFileType = text.plist.xml; path = Info.plist; sourceTree = "<group>"; };
/* End PBXFileReference section */

/* Begin PBXFrameworksBuildPhase section */
		C12374D026CEB0CE00F15EA4 /* Frameworks */ = {
			isa = PBXFrameworksBuildPhase;
			buildActionMask = 2147483647;
			files = (
			);
			runOnlyForDeploymentPostprocessing = 0;
		};
/* End PBXFrameworksBuildPhase section */

/* Begin PBXGroup section */
		C12374CA26CEB0CE00F15EA4 = {
			isa = PBXGroup;
			children = (
				C12374D526CEB0CE00F15EA4 /* ChallengeOfPart2 */,
				C12374D426CEB0CE00F15EA4 /* Products */,
			);
			sourceTree = "<group>";
		};
		C12374D426CEB0CE00F15EA4 /* Products */ = {
			isa = PBXGroup;
			children = (
				C12374D326CEB0CE00F15EA4 /* ChallengeOfPart2.app */,
			);
			name = Products;
			sourceTree = "<group>";
		};
		C12374D526CEB0CE00F15EA4 /* ChallengeOfPart2 */ = {
			isa = PBXGroup;
			children = (
				C12374D626CEB0CE00F15EA4 /* AppDelegate.swift */,
				C12374D826CEB0CE00F15EA4 /* SceneDelegate.swift */,
				C12374DA26CEB0CE00F15EA4 /* ContentView.swift */,
				C12374DC26CEB0D000F15EA4 /* Assets.xcassets */,
				C12374E126CEB0D000F15EA4 /* LaunchScreen.storyboard */,
				C12374E426CEB0D000F15EA4 /* Info.plist */,
				C12374DE26CEB0D000F15EA4 /* Preview Content */,
			);
			path = ChallengeOfPart2;
			sourceTree = "<group>";
		};
		C12374DE26CEB0D000F15EA4 /* Preview Content */ = {
			isa = PBXGroup;
			children = (
				C12374DF26CEB0D000F15EA4 /* Preview Assets.xcassets */,
			);
			path = "Preview Content";
			sourceTree = "<group>";
		};
/* End PBXGroup section */

/* Begin PBXNativeTarget section */
		C12374D226CEB0CE00F15EA4 /* ChallengeOfPart2 */ = {
			isa = PBXNativeTarget;
			buildConfigurationList = C12374E726CEB0D000F15EA4 /* Build configuration list for PBXNativeTarget "ChallengeOfPart2" */;
			buildPhases = (
				C12374CF26CEB0CE00F15EA4 /* Sources */,
				C12374D026CEB0CE00F15EA4 /* Frameworks */,
				C12374D126CEB0CE00F15EA4 /* Resources */,
			);
			buildRules = (
			);
			dependencies = (
			);
			name = ChallengeOfPart2;
			productName = ChallengeOfPart2;
			productReference = C12374D326CEB0CE00F15EA4 /* ChallengeOfPart2.app */;
			productType = "com.apple.product-type.application";
		};
/* End PBXNativeTarget section */

/* Begin PBXProject section */
		C12374CB26CEB0CE00F15EA4 /* Project object */ = {
			isa = PBXProject;
			attributes = {
				LastSwiftUpdateCheck = 1250;
				LastUpgradeCheck = 1250;
				TargetAttributes = {
					C12374D226CEB0CE00F15EA4 = {
						CreatedOnToolsVersion = 12.5;
					};
				};
			};
			buildConfigurationList = C12374CE26CEB0CE00F15EA4 /* Build configuration list for PBXProject "ChallengeOfPart2" */;
			compatibilityVersion = "Xcode 9.3";
			developmentRegion = en;
			hasScannedForEncodings = 0;
			knownRegions = (
				en,
				Base,
			);
			mainGroup = C12374CA26CEB0CE00F15EA4;
			productRefGroup = C12374D426CEB0CE00F15EA4 /* Products */;
			projectDirPath = "";
			projectRoot = "";
			targets = (
				C12374D226CEB0CE00F15EA4 /* ChallengeOfPart2 */,
			);
		};
/* End PBXProject section */

/* Begin PBXResourcesBuildPhase section */
		C12374D126CEB0CE00F15EA4 /* Resources */ = {
			isa = PBXResourcesBuildPhase;
			buildActionMask = 2147483647;
			files = (
				C12374E326CEB0D000F15EA4 /* LaunchScreen.storyboard in Resources */,
				C12374E026CEB0D000F15EA4 /* Preview Assets.xcassets in Resources */,
				C12374DD26CEB0D000F15EA4 /* Assets.xcassets in Resources */,
			);
			runOnlyForDeploymentPostprocessing = 0;
		};
/* End PBXResourcesBuildPhase section */

/* Begin PBXSourcesBuildPhase section */
		C12374CF26CEB0CE00F15EA4 /* Sources */ = {
			isa = PBXSourcesBuildPhase;
			buildActionMask = 2147483647;
			files = (
				C12374D726CEB0CE00F15EA4 /* AppDelegate.swift in Sources */,
				C12374D926CEB0CE00F15EA4 /* SceneDelegate.swift in Sources */,
				C12374DB26CEB0CE00F15EA4 /* ContentView.swift in Sources */,
			);
			runOnlyForDeploymentPostprocessing = 0;
		};
/* End PBXSourcesBuildPhase section */

/* Begin PBXVariantGroup section */
		C12374E126CEB0D000F15EA4 /* LaunchScreen.storyboard */ = {
			isa = PBXVariantGroup;
			children = (
				C12374E226CEB0D000F15EA4 /* Base */,
			);
			name = LaunchScreen.storyboard;
			sourceTree = "<group>";
		};
/* End PBXVariantGroup section */

/* Begin XCBuildConfiguration section */
		C12374E526CEB0D000F15EA4 /* Debug */ = {
			isa = XCBuildConfiguration;
			buildSettings = {
				ALWAYS_SEARCH_USER_PATHS = NO;
				CLANG_ANALYZER_NONNULL = YES;
				CLANG_ANALYZER_NUMBER_OBJECT_CONVERSION = YES_AGGRESSIVE;
				CLANG_CXX_LANGUAGE_STANDARD = "gnu++14";
				CLANG_CXX_LIBRARY = "libc++";
				CLANG_ENABLE_MODULES = YES;
				CLANG_ENABLE_OBJC_ARC = YES;
				CLANG_ENABLE_OBJC_WEAK = YES;
				CLANG_WARN_BLOCK_CAPTURE_AUTORELEASING = YES;
				CLANG_WARN_BOOL_CONVERSION = YES;
				CLANG_WARN_COMMA = YES;
				CLANG_WARN_CONSTANT_CONVERSION = YES;
				CLANG_WARN_DEPRECATED_OBJC_IMPLEMENTATIONS = YES;
				CLANG_WARN_DIRECT_OBJC_ISA_USAGE = YES_ERROR;
				CLANG_WARN_DOCUMENTATION_COMMENTS = YES;
				CLANG_WARN_EMPTY_BODY = YES;
				CLANG_WARN_ENUM_CONVERSION = YES;
				CLANG_WARN_INFINITE_RECURSION = YES;
				CLANG_WARN_INT_CONVERSION = YES;
				CLANG_WARN_NON_LITERAL_NULL_CONVERSION = YES;
				CLANG_WARN_OBJC_IMPLICIT_RETAIN_SELF = YES;
				CLANG_WARN_OBJC_LITERAL_CONVERSION = YES;
				CLANG_WARN_OBJC_ROOT_CLASS = YES_ERROR;
				CLANG_WARN_QUOTED_INCLUDE_IN_FRAMEWORK_HEADER = YES;
				CLANG_WARN_RANGE_LOOP_ANALYSIS = YES;
				CLANG_WARN_STRICT_PROTOTYPES = YES;
				CLANG_WARN_SUSPICIOUS_MOVE = YES;
				CLANG_WARN_UNGUARDED_AVAILABILITY = YES_AGGRESSIVE;
				CLANG_WARN_UNREACHABLE_CODE = YES;
				CLANG_WARN__DUPLICATE_METHOD_MATCH = YES;
				COPY_PHASE_STRIP = NO;
				DEBUG_INFORMATION_FORMAT = dwarf;
				ENABLE_STRICT_OBJC_MSGSEND = YES;
				ENABLE_TESTABILITY = YES;
				GCC_C_LANGUAGE_STANDARD = gnu11;
				GCC_DYNAMIC_NO_PIC = NO;
				GCC_NO_COMMON_BLOCKS = YES;
				GCC_OPTIMIZATION_LEVEL = 0;
				GCC_PREPROCESSOR_DEFINITIONS = (
					"DEBUG=1",
					"$(inherited)",
				);
				GCC_WARN_64_TO_32_BIT_CONVERSION = YES;
				GCC_WARN_ABOUT_RETURN_TYPE = YES_ERROR;
				GCC_WARN_UNDECLARED_SELECTOR = YES;
				GCC_WARN_UNINITIALIZED_AUTOS = YES_AGGRESSIVE;
				GCC_WARN_UNUSED_FUNCTION = YES;
				GCC_WARN_UNUSED_VARIABLE = YES;
				IPHONEOS_DEPLOYMENT_TARGET = 14.5;
				MTL_ENABLE_DEBUG_INFO = INCLUDE_SOURCE;
				MTL_FAST_MATH = YES;
				ONLY_ACTIVE_ARCH = YES;
				SDKROOT = iphoneos;
				SWIFT_ACTIVE_COMPILATION_CONDITIONS = DEBUG;
				SWIFT_OPTIMIZATION_LEVEL = "-Onone";
			};
			name = Debug;
		};
		C12374E626CEB0D000F15EA4 /* Release */ = {
			isa = XCBuildConfiguration;
			buildSettings = {
				ALWAYS_SEARCH_USER_PATHS = NO;
				CLANG_ANALYZER_NONNULL = YES;
				CLANG_ANALYZER_NUMBER_OBJECT_CONVERSION = YES_AGGRESSIVE;
				CLANG_CXX_LANGUAGE_STANDARD = "gnu++14";
				CLANG_CXX_LIBRARY = "libc++";
				CLANG_ENABLE_MODULES = YES;
				CLANG_ENABLE_OBJC_ARC = YES;
				CLANG_ENABLE_OBJC_WEAK = YES;
				CLANG_WARN_BLOCK_CAPTURE_AUTORELEASING = YES;
				CLANG_WARN_BOOL_CONVERSION = YES;
				CLANG_WARN_COMMA = YES;
				CLANG_WARN_CONSTANT_CONVERSION = YES;
				CLANG_WARN_DEPRECATED_OBJC_IMPLEMENTATIONS = YES;
				CLANG_WARN_DIRECT_OBJC_ISA_USAGE = YES_ERROR;
				CLANG_WARN_DOCUMENTATION_COMMENTS = YES;
				CLANG_WARN_EMPTY_BODY = YES;
				CLANG_WARN_ENUM_CONVERSION = YES;
				CLANG_WARN_INFINITE_RECURSION = YES;
				CLANG_WARN_INT_CONVERSION = YES;
				CLANG_WARN_NON_LITERAL_NULL_CONVERSION = YES;
				CLANG_WARN_OBJC_IMPLICIT_RETAIN_SELF = YES;
				CLANG_WARN_OBJC_LITERAL_CONVERSION = YES;
				CLANG_WARN_OBJC_ROOT_CLASS = YES_ERROR;
				CLANG_WARN_QUOTED_INCLUDE_IN_FRAMEWORK_HEADER = YES;
				CLANG_WARN_RANGE_LOOP_ANALYSIS = YES;
				CLANG_WARN_STRICT_PROTOTYPES = YES;
				CLANG_WARN_SUSPICIOUS_MOVE = YES;
				CLANG_WARN_UNGUARDED_AVAILABILITY = YES_AGGRESSIVE;
				CLANG_WARN_UNREACHABLE_CODE = YES;
				CLANG_WARN__DUPLICATE_METHOD_MATCH = YES;
				COPY_PHASE_STRIP = NO;
				DEBUG_INFORMATION_FORMAT = "dwarf-with-dsym";
				ENABLE_NS_ASSERTIONS = NO;
				ENABLE_STRICT_OBJC_MSGSEND = YES;
				GCC_C_LANGUAGE_STANDARD = gnu11;
				GCC_NO_COMMON_BLOCKS = YES;
				GCC_WARN_64_TO_32_BIT_CONVERSION = YES;
				GCC_WARN_ABOUT_RETURN_TYPE = YES_ERROR;
				GCC_WARN_UNDECLARED_SELECTOR = YES;
				GCC_WARN_UNINITIALIZED_AUTOS = YES_AGGRESSIVE;
				GCC_WARN_UNUSED_FUNCTION = YES;
				GCC_WARN_UNUSED_VARIABLE = YES;
				IPHONEOS_DEPLOYMENT_TARGET = 14.5;
				MTL_ENABLE_DEBUG_INFO = NO;
				MTL_FAST_MATH = YES;
				SDKROOT = iphoneos;
				SWIFT_COMPILATION_MODE = wholemodule;
				SWIFT_OPTIMIZATION_LEVEL = "-O";
				VALIDATE_PRODUCT = YES;
			};
			name = Release;
		};
		C12374E826CEB0D000F15EA4 /* Debug */ = {
			isa = XCBuildConfiguration;
			buildSettings = {
				ASSETCATALOG_COMPILER_APPICON_NAME = AppIcon;
				ASSETCATALOG_COMPILER_GLOBAL_ACCENT_COLOR_NAME = AccentColor;
				CODE_SIGN_STYLE = Automatic;
				DEVELOPMENT_ASSET_PATHS = "\"ChallengeOfPart2/Preview Content\"";
				DEVELOPMENT_TEAM = TTMLBMXL57;
				ENABLE_PREVIEWS = YES;
				INFOPLIST_FILE = ChallengeOfPart2/Info.plist;
				LD_RUNPATH_SEARCH_PATHS = (
					"$(inherited)",
					"@executable_path/Frameworks",
				);
				PRODUCT_BUNDLE_IDENTIFIER = me.Kirov.Sergei.ChallengeOfPart2;
				PRODUCT_NAME = "$(TARGET_NAME)";
				SWIFT_VERSION = 5.0;
				TARGETED_DEVICE_FAMILY = "1,2";
			};
			name = Debug;
		};
		C12374E926CEB0D000F15EA4 /* Release */ = {
			isa = XCBuildConfiguration;
			buildSettings = {
				ASSETCATALOG_COMPILER_APPICON_NAME = AppIcon;
				ASSETCATALOG_COMPILER_GLOBAL_ACCENT_COLOR_NAME = AccentColor;
				CODE_SIGN_STYLE = Automatic;
				DEVELOPMENT_ASSET_PATHS = "\"ChallengeOfPart2/Preview Content\"";
				DEVELOPMENT_TEAM = TTMLBMXL57;
				ENABLE_PREVIEWS = YES;
				INFOPLIST_FILE = ChallengeOfPart2/Info.plist;
				LD_RUNPATH_SEARCH_PATHS = (
					"$(inherited)",
					"@executable_path/Frameworks",
				);
				PRODUCT_BUNDLE_IDENTIFIER = me.Kirov.Sergei.ChallengeOfPart2;
				PRODUCT_NAME = "$(TARGET_NAME)";
				SWIFT_VERSION = 5.0;
				TARGETED_DEVICE_FAMILY = "1,2";
			};
			name = Release;
		};
/* End XCBuildConfiguration section */

/* Begin XCConfigurationList section */
		C12374CE26CEB0CE00F15EA4 /* Build configuration list for PBXProject "ChallengeOfPart2" */ = {
			isa = XCConfigurationList;
			buildConfigurations = (
				C12374E526CEB0D000F15EA4 /* Debug */,
				C12374E626CEB0D000F15EA4 /* Release */,
			);
			defaultConfigurationIsVisible = 0;
			defaultConfigurationName = Release;
		};
		C12374E726CEB0D000F15EA4 /* Build configuration list for PBXNativeTarget "ChallengeOfPart2" */ = {
			isa = XCConfigurationList;
			buildConfigurations = (
				C12374E826CEB0D000F15EA4 /* Debug */,
				C12374E926CEB0D000F15EA4 /* Release */,
			);
			defaultConfigurationIsVisible = 0;
			defaultConfigurationName = Release;
		};
/* End XCConfigurationList section */
	};
	rootObject = C12374CB26CEB0CE00F15EA4 /* Project object */;
}
